{
  "version": "5",
  "specifiers": {
    "jsr:@cliffy/ansi@1.2.1": "1.2.1",
    "jsr:@cliffy/internal@1.2.1": "1.2.1",
    "jsr:@cliffy/keycode@1.2.1": "1.2.1",
    "jsr:@cliffy/prompt@^1.2.1": "1.2.1",
    "jsr:@std/assert@1": "1.0.19",
    "jsr:@std/assert@^1.0.19": "1.0.19",
    "jsr:@std/cli@1": "1.0.31",
    "jsr:@std/dotenv@0.225": "0.225.7",
    "jsr:@std/encoding@1": "1.0.11",
    "jsr:@std/encoding@^1.0.10": "1.0.11",
    "jsr:@std/fmt@1": "1.0.10",
    "jsr:@std/fmt@^1.0.10": "1.0.10",
    "jsr:@std/fs@1": "1.0.24",
    "jsr:@std/internal@^1.0.12": "1.0.14",
    "jsr:@std/internal@^1.0.14": "1.0.14",
    "jsr:@std/io@~0.225.3": "0.225.3",
    "jsr:@std/path@1": "1.1.6",
    "jsr:@std/path@^1.1.5": "1.1.6",
    "jsr:@std/text@^1.0.19": "1.0.19",
    "jsr:@voidberg/quarto@0.4": "0.4.0",
    "npm:@jsquash/avif@^2.1.1": "2.1.1",
    "npm:@jsquash/jpeg@^1.5.0": "1.6.0",
    "npm:@jsquash/png@^3.1.1": "3.1.1",
    "npm:@jsquash/webp@^1.5.0": "1.5.0",
    "npm:@resvg/resvg-wasm@^2.6.2": "2.6.2",
    "npm:fflate@~0.8.2": "0.8.3",
    "npm:parse5@^7.2.1": "7.3.0"
  },
  "jsr": {
    "@cliffy/ansi@1.2.1": {
      "integrity": "b8702def9c0110b6eeb2b3b71e0b26cbe0a427facbb4f9c0189da0ba19feb549",
      "dependencies": [
        "jsr:@cliffy/internal",
        "jsr:@std/encoding@^1.0.10",
        "jsr:@std/io"
      ]
    },
    "@cliffy/internal@1.2.1": {
      "integrity": "e398f41c6839d3d4d249c963bfcb1058013091425926d53a3cb482b1ca70684b"
    },
    "@cliffy/keycode@1.2.1": {
      "integrity": "ce0a1e00986054da31bc767274acefdc923338a47e75ad1fc2046a11c87ace16"
    },
    "@cliffy/prompt@1.2.1": {
      "integrity": "e468fae0f52093ff2099f5be0bbc7632348ab82a3b7337b12ddd888aeb5d6eed",
      "dependencies": [
        "jsr:@cliffy/ansi",
        "jsr:@cliffy/internal",
        "jsr:@cliffy/keycode",
        "jsr:@std/assert@^1.0.19",
        "jsr:@std/fmt@^1.0.10",
        "jsr:@std/io",
        "jsr:@std/path@^1.1.5",
        "jsr:@std/text"
      ]
    },
    "@std/assert@1.0.19": {
      "integrity": "eaada96ee120cb980bc47e040f82814d786fe8162ecc53c91d8df60b8755991e",
      "dependencies": [
        "jsr:@std/internal@^1.0.12"
      ]
    },
    "@std/cli@1.0.30": {
      "integrity": "769446536522d0417d7127ebcabcafac1ab0ce6766d0eb3fca1d36326fe98d13"
    },
    "@std/cli@1.0.31": {
      "integrity": "190bb61f809378267c06be3bcd689fcc540f0cfaa5892171144cae787d02e2fd"
    },
    "@std/dotenv@0.225.7": {
      "integrity": "11d8db03ca4ad5aba9eba809f2e8058b2a4f320b7b09fea4b360e162928329e3"
    },
    "@std/encoding@1.0.10": {
      "integrity": "8783c6384a2d13abd5e9e87a7ae0520a30e9f56aeeaa3bdf910a3eaaf5c811a1"
    },
    "@std/encoding@1.0.11": {
      "integrity": "e7cef2f0b3153bccc17431e7c864a1de03a4b6d9647389c43e08aaa775d37385"
    },
    "@std/fmt@1.0.10": {
      "integrity": "90dfba288802ac6de82fb31d0917eb9e4450b9925b954d5e51fc29ac07419db5"
    },
    "@std/fs@1.0.24": {
      "integrity": "f3061b45b81673a2bece689da041df32d174be064c89eb6397fb5718d3fb7877",
      "dependencies": [
        "jsr:@std/internal@^1.0.14",
        "jsr:@std/path@^1.1.5"
      ]
    },
    "@std/internal@1.0.14": {
      "integrity": "291516b3d4c35024d6ffbc0a9df5bf4c64116e05b50012cf846710152d2ffdf7"
    },
    "@std/io@0.225.3": {
      "integrity": "27b07b591384d12d7b568f39e61dff966b8230559122df1e9fd11cc068f7ddd1"
    },
    "@std/path@1.1.5": {
      "integrity": "ccea00982ea28c36becaf6e62f855406c76a8c32d462f66f415bbb7d83a271bc",
      "dependencies": [
        "jsr:@std/internal@^1.0.14"
      ]
    },
    "@std/path@1.1.6": {
      "integrity": "c68485c2a4dfbb5ae3cc74fae4e8c4e5d874cf8a8ed12927917235c758b46cbe",
      "dependencies": [
        "jsr:@std/internal@^1.0.14"
      ]
    },
    "@std/text@1.0.19": {
      "integrity": "003a0e032d360e8c3a4e0410fb792c77a66bd6553fee9d60c6ec1bce30d29223"
    },
    "@voidberg/quarto@0.4.0": {
      "integrity": "8b4d55f194a479ab713d1cd0af73bd64e1f5cd5d1e8218b6fd1ef0b4ee3d47d1",
      "dependencies": [
        "npm:fflate",
        "npm:parse5"
      ]
    }
  },
  "npm": {
    "@jsquash/avif@2.1.1": {
      "integrity": "sha512-LMRxd0fMgfCLtobDh0/sFYJMMiRJTNYSEEWvRDKXlAeZ08t3gI5V+1thIT0XjXJ+SVG7Zug9B0XPyx0Ti5VRNA==",
      "dependencies": [
        "wasm-feature-detect"
      ]
    },
    "@jsquash/jpeg@1.6.0": {
      "integrity": "sha512-zwN46Awh1VM6gXlIcALwb5WzqK5H2e6+Awcs1QP8AvS8ohsK/sbE4esvmH4jhlhW7+CgiUUww66vg0aTnlSIMA=="
    },
    "@jsquash/png@3.1.1": {
      "integrity": "sha512-C10pc+0H6j0h8fENOfnGOvkXCmvpSQTDGlfGd0sHphZhPSGTyLjIrHba0FaZZdsKqA/wlmhYicUHb92vfZphaw=="
    },
    "@jsquash/webp@1.5.0": {
      "integrity": "sha512-KggLoj2MnRSfIqTeKe1EmbljTX2vuV7mh79k89PCL1pyqiDULcPM1L47twxXt0hkb68F70bXiL31MxsuoZtKFw==",
      "dependencies": [
        "wasm-feature-detect"
      ]
    },
    "@resvg/resvg-wasm@2.6.2": {
      "integrity": "sha512-FqALmHI8D4o6lk/LRWDnhw95z5eO+eAa6ORjVg09YRR7BkcM6oPHU9uyC0gtQG5vpFLvgpeU4+zEAz2H8APHNw=="
    },
    "entities@6.0.1": {
      "integrity": "sha512-aN97NXWF6AWBTahfVOIrB/NShkzi5H7F9r1s9mD3cDj4Ko5f2qhhVoYMibXF7GlLveb/D2ioWay8lxI97Ven3g=="
    },
    "fflate@0.8.3": {
      "integrity": "sha512-tbZNuJrLwGUp3zshBtdy4W+ORxZuIh8a5ilyIEQDC5rY1f3U20JMry0Ll3WBzU58EZKsEuJFXhb5gwv8CsPvgA=="
    },
    "parse5@7.3.0": {
      "integrity": "sha512-IInvU7fabl34qmi9gY8XOVxhYyMyuH2xUNpb2q8/Y+7552KlejkRvqvD19nMoUW/uQGGbqNpA6Tufu5FL5BZgw==",
      "dependencies": [
        "entities"
      ]
    },
    "wasm-feature-detect@1.8.0": {
      "integrity": "sha512-zksaLKM2fVlnB5jQQDqKXXwYHLQUVH9es+5TOOHwGOVJOCeRBCiPjwSg+3tN2AdTCzjgli4jijCH290kXb/zWQ=="
    }
  },
  "remote": {
    "https://deno.land/x/sqlite@v3.9.1/build/sqlite.js": "2afc7875c7b9c85d89730c4a311ab3a304e5d1bf761fbadd8c07bbdf130f5f9b",
    "https://deno.land/x/sqlite@v3.9.1/build/vfs.js": "7f7778a9fe499cd10738d6e43867340b50b67d3e39142b0065acd51a84cd2e03",
    "https://deno.land/x/sqlite@v3.9.1/mod.ts": "e09fc79d8065fe222578114b109b1fd60077bff1bb75448532077f784f4d6a83",
    "https://deno.land/x/sqlite@v3.9.1/src/constants.ts": "90f3be047ec0a89bcb5d6fc30db121685fc82cb00b1c476124ff47a4b0472aa9",
    "https://deno.land/x/sqlite@v3.9.1/src/db.ts": "03d0c860957496eadedd86e51a6e650670764630e64f56df0092e86c90752401",
    "https://deno.land/x/sqlite@v3.9.1/src/error.ts": "f7a15cb00d7c3797da1aefee3cf86d23e0ae92e73f0ba3165496c3816ab9503a",
    "https://deno.land/x/sqlite@v3.9.1/src/function.ts": "bc778cab7a6d771f690afa27264c524d22fcb96f1bb61959ade7922c15a4ab8d",
    "https://deno.land/x/sqlite@v3.9.1/src/query.ts": "d58abda928f6582d77bad685ecf551b1be8a15e8e38403e293ec38522e030cad",
    "https://deno.land/x/sqlite@v3.9.1/src/wasm.ts": "e79d0baa6e42423257fb3c7cc98091c54399254867e0f34a09b5bdef37bd9487"
  },
  "workspace": {
    "dependencies": [
      "jsr:@cliffy/prompt@^1.2.1",
      "jsr:@std/assert@1",
      "jsr:@std/cli@1",
      "jsr:@std/dotenv@0.225",
      "jsr:@std/encoding@1",
      "jsr:@std/fmt@1",
      "jsr:@std/fs@1",
      "jsr:@std/path@1",
      "jsr:@voidberg/quarto@0.4",
      "npm:@jsquash/avif@^2.1.1",
      "npm:@jsquash/jpeg@^1.5.0",
      "npm:@jsquash/png@^3.1.1",
      "npm:@jsquash/webp@^1.5.0",
      "npm:@resvg/resvg-wasm@^2.6.2"
    ]
  }
}
